
Microsoft Visual Studio Solution File, Format Version 12.00
# Visual Studio Version 16
VisualStudioVersion = 16.0.34729.46
MinimumVisualStudioVersion = 10.0.40219.1
Project("{888888A0-9F3D-457C-B088-3A5042F75D52}") = "plugin.program.pluginlist", "plugin.program.pluginlist.pyproj", "{13983633-A848-4545-964D-192A877A47E0}"
EndProject
Global
	GlobalSection(SolutionConfigurationPlatforms) = preSolution
		Debug|Any CPU = Debug|Any CPU
		Release|Any CPU = Release|Any CPU
	EndGlobalSection
	GlobalSection(ProjectConfigurationPlatforms) = postSolution
		{13983633-A848-4545-964D-192A877A47E0}.Debug|Any CPU.ActiveCfg = Debug|Any CPU
		{13983633-A848-4545-964D-192A877A47E0}.Release|Any CPU.ActiveCfg = Release|Any CPU
	EndGlobalSection
	GlobalSection(SolutionProperties) = preSolution
		HideSolutionNode = FALSE
	EndGlobalSection
	GlobalSection(ExtensibilityGlobals) = postSolution
		SolutionGuid = {12F7E157-2E45-46E5-8DBB-84D2792B83A1}
	EndGlobalSection
EndGlobal
